
Microsoft Visual Studio Solution File, Format Version 12.00
# Visual Studio Version 16
VisualStudioVersion = 16.0.29409.12
MinimumVisualStudioVersion = 10.0.40219.1
Project("{8BC9CEB8-8B4A-11D0-8D11-00A0C91BC942}") = "EPAWSS", "EPAWSS\EPAWSS.vcxproj", "{7D547D30-3BA9-4C03-A7E3-0AF726A57BAA}"
EndProject
Project("{8BC9CEB8-8B4A-11D0-8D11-00A0C91BC942}") = "EPAWSSPS", "EPAWSSPS\EPAWSSPS.vcxproj", "{FF4CFC9F-F26F-4926-B64C-6C8D2859E881}"
	ProjectSection(ProjectDependencies) = postProject
		{7D547D30-3BA9-4C03-A7E3-0AF726A57BAA} = {7D547D30-3BA9-4C03-A7E3-0AF726A57BAA}
	EndProjectSection
EndProject
Global
	GlobalSection(SolutionConfigurationPlatforms) = preSolution
		Debug|x64 = Debug|x64
		Debug|x86 = Debug|x86
		Release|x64 = Release|x64
		Release|x86 = Release|x86
	EndGlobalSection
	GlobalSection(ProjectConfigurationPlatforms) = postSolution
		{7D547D30-3BA9-4C03-A7E3-0AF726A57BAA}.Debug|x64.ActiveCfg = Debug|x64
		{7D547D30-3BA9-4C03-A7E3-0AF726A57BAA}.Debug|x64.Build.0 = Debug|x64
		{7D547D30-3BA9-4C03-A7E3-0AF726A57BAA}.Debug|x86.ActiveCfg = Debug|Win32
		{7D547D30-3BA9-4C03-A7E3-0AF726A57BAA}.Debug|x86.Build.0 = Debug|Win32
		{7D547D30-3BA9-4C03-A7E3-0AF726A57BAA}.Release|x64.ActiveCfg = Release|x64
		{7D547D30-3BA9-4C03-A7E3-0AF726A57BAA}.Release|x64.Build.0 = Release|x64
		{7D547D30-3BA9-4C03-A7E3-0AF726A57BAA}.Release|x86.ActiveCfg = Release|Win32
		{7D547D30-3BA9-4C03-A7E3-0AF726A57BAA}.Release|x86.Build.0 = Release|Win32
		{FF4CFC9F-F26F-4926-B64C-6C8D2859E881}.Debug|x64.ActiveCfg = Debug|x64
		{FF4CFC9F-F26F-4926-B64C-6C8D2859E881}.Debug|x86.ActiveCfg = Debug|Win32
		{FF4CFC9F-F26F-4926-B64C-6C8D2859E881}.Release|x64.ActiveCfg = Release|x64
		{FF4CFC9F-F26F-4926-B64C-6C8D2859E881}.Release|x86.ActiveCfg = Release|Win32
	EndGlobalSection
	GlobalSection(SolutionProperties) = preSolution
		HideSolutionNode = FALSE
	EndGlobalSection
	GlobalSection(ExtensibilityGlobals) = postSolution
		SolutionGuid = {F1185BCD-08F0-4EB3-9C57-33B3F21E08CB}
	EndGlobalSection
EndGlobal
